{
  "name": "lande-project",
  "version": "1.0.0",
  "lockfileVersion": 3,
  "requires": true,
  "packages": {
    "": {
      "name": "lande-project",
      "version": "1.0.0",
      "license": "ISC",
      "dependencies": {
        "lande": "*"
      }
    },
    "node_modules/lande": {
      "version": "1.0.10",
      "resolved": "https://registry.npmjs.org/lande/-/lande-1.0.10.tgz",
      "integrity": "sha512-yT52DQh+UV2pEp08jOYrA4drDv0DbjpiRyZYgl25ak9G2cVR2AimzrqkYQWrD9a7Ud+qkAcaiDDoNH9DXfHPmw==",
      "dependencies": {
        "toygrad": "^2.6.0"
      }
    },
    "node_modules/toygrad": {
      "version": "2.6.0",
      "resolved": "https://registry.npmjs.org/toygrad/-/toygrad-2.6.0.tgz",
      "integrity": "sha512-g4zBmlSbvzOE5FOILxYkAybTSxijKLkj1WoNqVGnbMcWDyj4wWQ+eYSr3ik7XOpIgMq/7eBcPRTJX3DM2E0YMg=="
    }
  }
}
